
Microsoft Visual Studio Solution File, Format Version 12.00
# Visual Studio Version 17
VisualStudioVersion = 17.3.32804.467
MinimumVisualStudioVersion = 10.0.40219.1
Project("{FAE04EC0-301F-11D3-BF4B-00C04F79EFBC}") = "DreamOrbit.Greetings.WebApi", "DreamOrbit.Greetings.WebApi\DreamOrbit.Greetings.WebApi.csproj", "{B63F1AB9-7C65-4435-BE96-D0EC47CCB32D}"
EndProject
Global
	GlobalSection(SolutionConfigurationPlatforms) = preSolution
		Debug|Any CPU = Debug|Any CPU
		Release|Any CPU = Release|Any CPU
	EndGlobalSection
	GlobalSection(ProjectConfigurationPlatforms) = postSolution
		{B63F1AB9-7C65-4435-BE96-D0EC47CCB32D}.Debug|Any CPU.ActiveCfg = Debug|Any CPU
		{B63F1AB9-7C65-4435-BE96-D0EC47CCB32D}.Debug|Any CPU.Build.0 = Debug|Any CPU
		{B63F1AB9-7C65-4435-BE96-D0EC47CCB32D}.Release|Any CPU.ActiveCfg = Release|Any CPU
		{B63F1AB9-7C65-4435-BE96-D0EC47CCB32D}.Release|Any CPU.Build.0 = Release|Any CPU
	EndGlobalSection
	GlobalSection(SolutionProperties) = preSolution
		HideSolutionNode = FALSE
	EndGlobalSection
	GlobalSection(ExtensibilityGlobals) = postSolution
		SolutionGuid = {BD355844-2A6E-4288-8629-9FF8A1E58958}
	EndGlobalSection
EndGlobal
