
Microsoft Visual Studio Solution File, Format Version 12.00
# Visual Studio Version 17
VisualStudioVersion = 17.3.32804.467
MinimumVisualStudioVersion = 10.0.40219.1
Project("{9A19103F-16F7-4668-BE54-9A1E7A4F7556}") = "DreamOrbit.Greetings.WebApi", "DreamOrbit.Greetings.WebApi\DreamOrbit.Greetings.WebApi.csproj", "{B63F1AB9-7C65-4435-BE96-D0EC47CCB32D}"
EndProject
Project("{9A19103F-16F7-4668-BE54-9A1E7A4F7556}") = "DreamOrbit.Greetings.Component", "DreamOrbit.Greetings.Component\DreamOrbit.Greetings.Component.csproj", "{364B7A9C-AC51-4AB4-B083-A87D9A9E2294}"
EndProject
Project("{9A19103F-16F7-4668-BE54-9A1E7A4F7556}") = "DreamOrbit.Greetings.Data", "DreamOrbit.Greetings.Data\DreamOrbit.Greetings.Data.csproj", "{059474B5-ABA2-4156-B0D7-75B5CF2A65E4}"
EndProject
Project("{9A19103F-16F7-4668-BE54-9A1E7A4F7556}") = "DreamOrbit.Greetings.EmailComponent", "EmailBodyComponent\DreamOrbit.Greetings.EmailComponent.csproj", "{05E33B5F-394E-4C0B-83CE-19A4A8DE2D8B}"
EndProject
Project("{9A19103F-16F7-4668-BE54-9A1E7A4F7556}") = "DreamOrbit.Greetings.App", "DreamOrbit.Greetings.App\DreamOrbit.Greetings.App.csproj", "{A39CE503-38D8-4EFC-B0E2-73FC4DFE48F7}"
EndProject
Project("{FAE04EC0-301F-11D3-BF4B-00C04F79EFBC}") = "DreamOrbit.Greetings.ErrorLog", "DreamOrbit.Greetings.ErrorLog\DreamOrbit.Greetings.ErrorLog.csproj", "{D25F14FF-003F-4806-91FE-549CDF515BE4}"
EndProject
Global
	GlobalSection(SolutionConfigurationPlatforms) = preSolution
		Debug|Any CPU = Debug|Any CPU
		Release|Any CPU = Release|Any CPU
	EndGlobalSection
	GlobalSection(ProjectConfigurationPlatforms) = postSolution
		{B63F1AB9-7C65-4435-BE96-D0EC47CCB32D}.Debug|Any CPU.ActiveCfg = Debug|Any CPU
		{B63F1AB9-7C65-4435-BE96-D0EC47CCB32D}.Debug|Any CPU.Build.0 = Debug|Any CPU
		{B63F1AB9-7C65-4435-BE96-D0EC47CCB32D}.Release|Any CPU.ActiveCfg = Release|Any CPU
		{B63F1AB9-7C65-4435-BE96-D0EC47CCB32D}.Release|Any CPU.Build.0 = Release|Any CPU
		{364B7A9C-AC51-4AB4-B083-A87D9A9E2294}.Debug|Any CPU.ActiveCfg = Debug|Any CPU
		{364B7A9C-AC51-4AB4-B083-A87D9A9E2294}.Debug|Any CPU.Build.0 = Debug|Any CPU
		{364B7A9C-AC51-4AB4-B083-A87D9A9E2294}.Release|Any CPU.ActiveCfg = Release|Any CPU
		{364B7A9C-AC51-4AB4-B083-A87D9A9E2294}.Release|Any CPU.Build.0 = Release|Any CPU
		{059474B5-ABA2-4156-B0D7-75B5CF2A65E4}.Debug|Any CPU.ActiveCfg = Debug|Any CPU
		{059474B5-ABA2-4156-B0D7-75B5CF2A65E4}.Debug|Any CPU.Build.0 = Debug|Any CPU
		{059474B5-ABA2-4156-B0D7-75B5CF2A65E4}.Release|Any CPU.ActiveCfg = Release|Any CPU
		{059474B5-ABA2-4156-B0D7-75B5CF2A65E4}.Release|Any CPU.Build.0 = Release|Any CPU
		{05E33B5F-394E-4C0B-83CE-19A4A8DE2D8B}.Debug|Any CPU.ActiveCfg = Debug|Any CPU
		{05E33B5F-394E-4C0B-83CE-19A4A8DE2D8B}.Debug|Any CPU.Build.0 = Debug|Any CPU
		{05E33B5F-394E-4C0B-83CE-19A4A8DE2D8B}.Release|Any CPU.ActiveCfg = Release|Any CPU
		{05E33B5F-394E-4C0B-83CE-19A4A8DE2D8B}.Release|Any CPU.Build.0 = Release|Any CPU
		{A39CE503-38D8-4EFC-B0E2-73FC4DFE48F7}.Debug|Any CPU.ActiveCfg = Debug|Any CPU
		{A39CE503-38D8-4EFC-B0E2-73FC4DFE48F7}.Debug|Any CPU.Build.0 = Debug|Any CPU
		{A39CE503-38D8-4EFC-B0E2-73FC4DFE48F7}.Release|Any CPU.ActiveCfg = Release|Any CPU
		{A39CE503-38D8-4EFC-B0E2-73FC4DFE48F7}.Release|Any CPU.Build.0 = Release|Any CPU
		{D25F14FF-003F-4806-91FE-549CDF515BE4}.Debug|Any CPU.ActiveCfg = Debug|Any CPU
		{D25F14FF-003F-4806-91FE-549CDF515BE4}.Debug|Any CPU.Build.0 = Debug|Any CPU
		{D25F14FF-003F-4806-91FE-549CDF515BE4}.Release|Any CPU.ActiveCfg = Release|Any CPU
		{D25F14FF-003F-4806-91FE-549CDF515BE4}.Release|Any CPU.Build.0 = Release|Any CPU
	EndGlobalSection
	GlobalSection(SolutionProperties) = preSolution
		HideSolutionNode = FALSE
	EndGlobalSection
	GlobalSection(ExtensibilityGlobals) = postSolution
		SolutionGuid = {BD355844-2A6E-4288-8629-9FF8A1E58958}
	EndGlobalSection
EndGlobal
